
Microsoft Visual Studio Solution File, Format Version 12.00
# Visual Studio Version 16
VisualStudioVersion = 16.0.28822.285
MinimumVisualStudioVersion = 10.0.40219.1
Project("{FAE04EC0-301F-11D3-BF4B-00C04F79EFBC}") = "pamokanr2", "pamokanr2\pamokanr2.csproj", "{83C96B52-0C92-4D99-BE6D-42BDB69CF54D}"
EndProject
Global
	GlobalSection(SolutionConfigurationPlatforms) = preSolution
		Debug|Any CPU = Debug|Any CPU
		Release|Any CPU = Release|Any CPU
	EndGlobalSection
	GlobalSection(ProjectConfigurationPlatforms) = postSolution
		{83C96B52-0C92-4D99-BE6D-42BDB69CF54D}.Debug|Any CPU.ActiveCfg = Debug|Any CPU
		{83C96B52-0C92-4D99-BE6D-42BDB69CF54D}.Debug|Any CPU.Build.0 = Debug|Any CPU
		{83C96B52-0C92-4D99-BE6D-42BDB69CF54D}.Release|Any CPU.ActiveCfg = Release|Any CPU
		{83C96B52-0C92-4D99-BE6D-42BDB69CF54D}.Release|Any CPU.Build.0 = Release|Any CPU
	EndGlobalSection
	GlobalSection(SolutionProperties) = preSolution
		HideSolutionNode = FALSE
	EndGlobalSection
	GlobalSection(ExtensibilityGlobals) = postSolution
		SolutionGuid = {DD92852C-7CCD-45BE-B964-6C6A36179896}
	EndGlobalSection
EndGlobal
